
Microsoft Visual Studio Solution File, Format Version 12.00
# Visual Studio Version 16
VisualStudioVersion = 16.0.30523.141
MinimumVisualStudioVersion = 10.0.40219.1
Project("{FAE04EC0-301F-11D3-BF4B-00C04F79EFBC}") = "AttendanceCheck", "AttendanceCheck\AttendanceCheck.csproj", "{B5F5CD0B-C050-4462-9DE1-75C4B671CA91}"
EndProject
Global
	GlobalSection(SolutionConfigurationPlatforms) = preSolution
		Debug|Any CPU = Debug|Any CPU
		Release|Any CPU = Release|Any CPU
	EndGlobalSection
	GlobalSection(ProjectConfigurationPlatforms) = postSolution
		{B5F5CD0B-C050-4462-9DE1-75C4B671CA91}.Debug|Any CPU.ActiveCfg = Debug|Any CPU
		{B5F5CD0B-C050-4462-9DE1-75C4B671CA91}.Debug|Any CPU.Build.0 = Debug|Any CPU
		{B5F5CD0B-C050-4462-9DE1-75C4B671CA91}.Release|Any CPU.ActiveCfg = Release|Any CPU
		{B5F5CD0B-C050-4462-9DE1-75C4B671CA91}.Release|Any CPU.Build.0 = Release|Any CPU
	EndGlobalSection
	GlobalSection(SolutionProperties) = preSolution
		HideSolutionNode = FALSE
	EndGlobalSection
	GlobalSection(ExtensibilityGlobals) = postSolution
		SolutionGuid = {E461D030-5F31-4583-BE95-C811E8632542}
	EndGlobalSection
EndGlobal
